{
    "version": 3,
    "terraform_version": "0.10.4",
    "serial": 4,
    "lineage": "eabc96e1-001f-4dae-804b-96930d74f0f5",
    "modules": [
        {
            "path": [
                "root"
            ],
            "outputs": {
                "aws_instance_public_dns": {
                    "sensitive": false,
                    "type": "string",
                    "value": "ec2-54-227-16-241.compute-1.amazonaws.com"
                }
            },
            "resources": {
                "aws_instance.nginx": {
                    "type": "aws_instance",
                    "depends_on": [],
                    "primary": {
                        "id": "i-09df698cc91e40f74",
                        "attributes": {
                            "ami": "ami-4fffc834",
                            "associate_public_ip_address": "true",
                            "availability_zone": "us-east-1d",
                            "disable_api_termination": "false",
                            "ebs_block_device.#": "0",
                            "ebs_optimized": "false",
                            "ephemeral_block_device.#": "0",
                            "iam_instance_profile": "",
                            "id": "i-09df698cc91e40f74",
                            "instance_state": "running",
                            "instance_type": "t2.micro",
                            "ipv6_addresses.#": "0",
                            "key_name": "tformL02",
                            "monitoring": "false",
                            "network_interface.#": "0",
                            "network_interface_id": "eni-94639643",
                            "primary_network_interface_id": "eni-94639643",
                            "private_dns": "ip-172-31-9-163.ec2.internal",
                            "private_ip": "172.31.9.163",
                            "public_dns": "ec2-54-227-16-241.compute-1.amazonaws.com",
                            "public_ip": "54.227.16.241",
                            "root_block_device.#": "1",
                            "root_block_device.0.delete_on_termination": "true",
                            "root_block_device.0.iops": "100",
                            "root_block_device.0.volume_size": "8",
                            "root_block_device.0.volume_type": "gp2",
                            "security_groups.#": "0",
                            "source_dest_check": "true",
                            "subnet_id": "subnet-66e2bd11",
                            "tags.%": "0",
                            "tenancy": "default",
                            "volume_tags.%": "0",
                            "vpc_security_group_ids.#": "1",
                            "vpc_security_group_ids.598107079": "sg-34789653"
                        },
                        "meta": {
                            "e2bfb730-ecaa-11e6-8f88-34363bc7c4c0": {
                                "create": 600000000000,
                                "delete": 600000000000,
                                "update": 600000000000
                            },
                            "schema_version": "1"
                        },
                        "tainted": false
                    },
                    "deposed": [],
                    "provider": ""
                }
            },
            "depends_on": []
        }
    ]
}
